// !$*UTF8*$!
{
	archiveVersion = 1;
	classes = {
	};
	objectVersion = 46;
	objects = {

/* Begin PBXBuildFile section */
		89FF0B5719AE4A65006F1CFA /* main.c in Sources */ = {isa = PBXBuildFile; fileRef = 89FF0B5619AE4A65006F1CFA /* main.c */; };
		89FF0B5919AE4A65006F1CFA /* Ex4_2.1 in CopyFiles */ = {isa = PBXBuildFile; fileRef = 89FF0B5819AE4A65006F1CFA /* Ex4_2.1 */; };
/* End PBXBuildFile section */

/* Begin PBXCopyFilesBuildPhase section */
		89FF0B5119AE4A64006F1CFA /* CopyFiles */ = {
			isa = PBXCopyFilesBuildPhase;
			buildActionMask = 2147483647;
			dstPath = /usr/share/man/man1/;
			dstSubfolderSpec = 0;
			files = (
				89FF0B5919AE4A65006F1CFA /* Ex4_2.1 in CopyFiles */,
			);
			runOnlyForDeploymentPostprocessing = 1;
		};
/* End PBXCopyFilesBuildPhase section */

/* Begin PBXFileReference section */
		89FF0B5319AE4A65006F1CFA /* Ex4.2 */ = {isa = PBXFileReference; explicitFileType = "compiled.mach-o.executable"; includeInIndex = 0; path = Ex4.2; sourceTree = BUILT_PRODUCTS_DIR; };
		89FF0B5619AE4A65006F1CFA /* main.c */ = {isa = PBXFileReference; lastKnownFileType = sourcecode.c.c; path = main.c; sourceTree = "<group>"; };
		89FF0B5819AE4A65006F1CFA /* Ex4_2.1 */ = {isa = PBXFileReference; lastKnownFileType = text.man; path = Ex4_2.1; sourceTree = "<group>"; };
/* End PBXFileReference section */

/* Begin PBXFrameworksBuildPhase section */
		89FF0B5019AE4A64006F1CFA /* Frameworks */ = {
			isa = PBXFrameworksBuildPhase;
			buildActionMask = 2147483647;
			files = (
			);
			runOnlyForDeploymentPostprocessing = 0;
		};
/* End PBXFrameworksBuildPhase section */

/* Begin PBXGroup section */
		89FF0B4A19AE4A64006F1CFA = {
			isa = PBXGroup;
			children = (
				89FF0B5519AE4A65006F1CFA /* Ex4.2 */,
				89FF0B5419AE4A65006F1CFA /* Products */,
			);
			sourceTree = "<group>";
		};
		89FF0B5419AE4A65006F1CFA /* Products */ = {
			isa = PBXGroup;
			children = (
				89FF0B5319AE4A65006F1CFA /* Ex4.2 */,
			);
			name = Products;
			sourceTree = "<group>";
		};
		89FF0B5519AE4A65006F1CFA /* Ex4.2 */ = {
			isa = PBXGroup;
			children = (
				89FF0B5619AE4A65006F1CFA /* main.c */,
				89FF0B5819AE4A65006F1CFA /* Ex4_2.1 */,
			);
			path = Ex4.2;
			sourceTree = "<group>";
		};
/* End PBXGroup section */

/* Begin PBXNativeTarget section */
		89FF0B5219AE4A64006F1CFA /* Ex4.2 */ = {
			isa = PBXNativeTarget;
			buildConfigurationList = 89FF0B5C19AE4A65006F1CFA /* Build configuration list for PBXNativeTarget "Ex4.2" */;
			buildPhases = (
				89FF0B4F19AE4A64006F1CFA /* Sources */,
				89FF0B5019AE4A64006F1CFA /* Frameworks */,
				89FF0B5119AE4A64006F1CFA /* CopyFiles */,
			);
			buildRules = (
			);
			dependencies = (
			);
			name = Ex4.2;
			productName = Ex4.2;
			productReference = 89FF0B5319AE4A65006F1CFA /* Ex4.2 */;
			productType = "com.apple.product-type.tool";
		};
/* End PBXNativeTarget section */

/* Begin PBXProject section */
		89FF0B4B19AE4A64006F1CFA /* Project object */ = {
			isa = PBXProject;
			attributes = {
				LastUpgradeCheck = 0510;
				ORGANIZATIONNAME = "Andrew Sheppard";
			};
			buildConfigurationList = 89FF0B4E19AE4A64006F1CFA /* Build configuration list for PBXProject "Ex4.2" */;
			compatibilityVersion = "Xcode 3.2";
			developmentRegion = English;
			hasScannedForEncodings = 0;
			knownRegions = (
				en,
			);
			mainGroup = 89FF0B4A19AE4A64006F1CFA;
			productRefGroup = 89FF0B5419AE4A65006F1CFA /* Products */;
			projectDirPath = "";
			projectRoot = "";
			targets = (
				89FF0B5219AE4A64006F1CFA /* Ex4.2 */,
			);
		};
/* End PBXProject section */

/* Begin PBXSourcesBuildPhase section */
		89FF0B4F19AE4A64006F1CFA /* Sources */ = {
			isa = PBXSourcesBuildPhase;
			buildActionMask = 2147483647;
			files = (
				89FF0B5719AE4A65006F1CFA /* main.c in Sources */,
			);
			runOnlyForDeploymentPostprocessing = 0;
		};
/* End PBXSourcesBuildPhase section */

/* Begin XCBuildConfiguration section */
		89FF0B5A19AE4A65006F1CFA /* Debug */ = {
			isa = XCBuildConfiguration;
			buildSettings = {
				ALWAYS_SEARCH_USER_PATHS = NO;
				CLANG_CXX_LANGUAGE_STANDARD = "gnu++0x";
				CLANG_CXX_LIBRARY = "libc++";
				CLANG_ENABLE_MODULES = YES;
				CLANG_ENABLE_OBJC_ARC = YES;
				CLANG_WARN_BOOL_CONVERSION = YES;
				CLANG_WARN_CONSTANT_CONVERSION = YES;
				CLANG_WARN_DIRECT_OBJC_ISA_USAGE = YES_ERROR;
				CLANG_WARN_EMPTY_BODY = YES;
				CLANG_WARN_ENUM_CONVERSION = YES;
				CLANG_WARN_INT_CONVERSION = YES;
				CLANG_WARN_OBJC_ROOT_CLASS = YES_ERROR;
				CLANG_WARN__DUPLICATE_METHOD_MATCH = YES;
				COPY_PHASE_STRIP = NO;
				GCC_C_LANGUAGE_STANDARD = gnu99;
				GCC_DYNAMIC_NO_PIC = NO;
				GCC_ENABLE_OBJC_EXCEPTIONS = YES;
				GCC_OPTIMIZATION_LEVEL = 0;
				GCC_PREPROCESSOR_DEFINITIONS = (
					"DEBUG=1",
					"$(inherited)",
				);
				GCC_SYMBOLS_PRIVATE_EXTERN = NO;
				GCC_WARN_64_TO_32_BIT_CONVERSION = YES;
				GCC_WARN_ABOUT_RETURN_TYPE = YES_ERROR;
				GCC_WARN_UNDECLARED_SELECTOR = YES;
				GCC_WARN_UNINITIALIZED_AUTOS = YES_AGGRESSIVE;
				GCC_WARN_UNUSED_FUNCTION = YES;
				GCC_WARN_UNUSED_VARIABLE = YES;
				MACOSX_DEPLOYMENT_TARGET = 10.9;
				ONLY_ACTIVE_ARCH = YES;
				SDKROOT = macosx;
			};
			name = Debug;
		};
		89FF0B5B19AE4A65006F1CFA /* Release */ = {
			isa = XCBuildConfiguration;
			buildSettings = {
				ALWAYS_SEARCH_USER_PATHS = NO;
				CLANG_CXX_LANGUAGE_STANDARD = "gnu++0x";
				CLANG_CXX_LIBRARY = "libc++";
				CLANG_ENABLE_MODULES = YES;
				CLANG_ENABLE_OBJC_ARC = YES;
				CLANG_WARN_BOOL_CONVERSION = YES;
				CLANG_WARN_CONSTANT_CONVERSION = YES;
				CLANG_WARN_DIRECT_OBJC_ISA_USAGE = YES_ERROR;
				CLANG_WARN_EMPTY_BODY = YES;
				CLANG_WARN_ENUM_CONVERSION = YES;
				CLANG_WARN_INT_CONVERSION = YES;
				CLANG_WARN_OBJC_ROOT_CLASS = YES_ERROR;
				CLANG_WARN__DUPLICATE_METHOD_MATCH = YES;
				COPY_PHASE_STRIP = YES;
				DEBUG_INFORMATION_FORMAT = "dwarf-with-dsym";
				ENABLE_NS_ASSERTIONS = NO;
				GCC_C_LANGUAGE_STANDARD = gnu99;
				GCC_ENABLE_OBJC_EXCEPTIONS = YES;
				GCC_WARN_64_TO_32_BIT_CONVERSION = YES;
				GCC_WARN_ABOUT_RETURN_TYPE = YES_ERROR;
				GCC_WARN_UNDECLARED_SELECTOR = YES;
				GCC_WARN_UNINITIALIZED_AUTOS = YES_AGGRESSIVE;
				GCC_WARN_UNUSED_FUNCTION = YES;
				GCC_WARN_UNUSED_VARIABLE = YES;
				MACOSX_DEPLOYMENT_TARGET = 10.9;
				SDKROOT = macosx;
			};
			name = Release;
		};
		89FF0B5D19AE4A65006F1CFA /* Debug */ = {
			isa = XCBuildConfiguration;
			buildSettings = {
				PRODUCT_NAME = "$(TARGET_NAME)";
			};
			name = Debug;
		};
		89FF0B5E19AE4A65006F1CFA /* Release */ = {
			isa = XCBuildConfiguration;
			buildSettings = {
				PRODUCT_NAME = "$(TARGET_NAME)";
			};
			name = Release;
		};
/* End XCBuildConfiguration section */

/* Begin XCConfigurationList section */
		89FF0B4E19AE4A64006F1CFA /* Build configuration list for PBXProject "Ex4.2" */ = {
			isa = XCConfigurationList;
			buildConfigurations = (
				89FF0B5A19AE4A65006F1CFA /* Debug */,
				89FF0B5B19AE4A65006F1CFA /* Release */,
			);
			defaultConfigurationIsVisible = 0;
			defaultConfigurationName = Release;
		};
		89FF0B5C19AE4A65006F1CFA /* Build configuration list for PBXNativeTarget "Ex4.2" */ = {
			isa = XCConfigurationList;
			buildConfigurations = (
				89FF0B5D19AE4A65006F1CFA /* Debug */,
				89FF0B5E19AE4A65006F1CFA /* Release */,
			);
			defaultConfigurationIsVisible = 0;
		};
/* End XCConfigurationList section */
	};
	rootObject = 89FF0B4B19AE4A64006F1CFA /* Project object */;
}
