// !$*UTF8*$!
{
	archiveVersion = 1;
	classes = {
	};
	objectVersion = 46;
	objects = {

/* Begin PBXBuildFile section */
		898375EB19940F0700BDF67B /* main.c in Sources */ = {isa = PBXBuildFile; fileRef = 898375EA19940F0700BDF67B /* main.c */; };
		898375ED19940F0700BDF67B /* Ex3_1.1 in CopyFiles */ = {isa = PBXBuildFile; fileRef = 898375EC19940F0700BDF67B /* Ex3_1.1 */; };
/* End PBXBuildFile section */

/* Begin PBXCopyFilesBuildPhase section */
		898375E519940F0700BDF67B /* CopyFiles */ = {
			isa = PBXCopyFilesBuildPhase;
			buildActionMask = 2147483647;
			dstPath = /usr/share/man/man1/;
			dstSubfolderSpec = 0;
			files = (
				898375ED19940F0700BDF67B /* Ex3_1.1 in CopyFiles */,
			);
			runOnlyForDeploymentPostprocessing = 1;
		};
/* End PBXCopyFilesBuildPhase section */

/* Begin PBXFileReference section */
		898375E719940F0700BDF67B /* Ex3.1 */ = {isa = PBXFileReference; explicitFileType = "compiled.mach-o.executable"; includeInIndex = 0; path = Ex3.1; sourceTree = BUILT_PRODUCTS_DIR; };
		898375EA19940F0700BDF67B /* main.c */ = {isa = PBXFileReference; lastKnownFileType = sourcecode.c.c; path = main.c; sourceTree = "<group>"; };
		898375EC19940F0700BDF67B /* Ex3_1.1 */ = {isa = PBXFileReference; lastKnownFileType = text.man; path = Ex3_1.1; sourceTree = "<group>"; };
/* End PBXFileReference section */

/* Begin PBXFrameworksBuildPhase section */
		898375E419940F0700BDF67B /* Frameworks */ = {
			isa = PBXFrameworksBuildPhase;
			buildActionMask = 2147483647;
			files = (
			);
			runOnlyForDeploymentPostprocessing = 0;
		};
/* End PBXFrameworksBuildPhase section */

/* Begin PBXGroup section */
		898375DE19940F0700BDF67B = {
			isa = PBXGroup;
			children = (
				898375E919940F0700BDF67B /* Ex3.1 */,
				898375E819940F0700BDF67B /* Products */,
			);
			sourceTree = "<group>";
		};
		898375E819940F0700BDF67B /* Products */ = {
			isa = PBXGroup;
			children = (
				898375E719940F0700BDF67B /* Ex3.1 */,
			);
			name = Products;
			sourceTree = "<group>";
		};
		898375E919940F0700BDF67B /* Ex3.1 */ = {
			isa = PBXGroup;
			children = (
				898375EA19940F0700BDF67B /* main.c */,
				898375EC19940F0700BDF67B /* Ex3_1.1 */,
			);
			path = Ex3.1;
			sourceTree = "<group>";
		};
/* End PBXGroup section */

/* Begin PBXNativeTarget section */
		898375E619940F0700BDF67B /* Ex3.1 */ = {
			isa = PBXNativeTarget;
			buildConfigurationList = 898375F019940F0700BDF67B /* Build configuration list for PBXNativeTarget "Ex3.1" */;
			buildPhases = (
				898375E319940F0700BDF67B /* Sources */,
				898375E419940F0700BDF67B /* Frameworks */,
				898375E519940F0700BDF67B /* CopyFiles */,
			);
			buildRules = (
			);
			dependencies = (
			);
			name = Ex3.1;
			productName = Ex3.1;
			productReference = 898375E719940F0700BDF67B /* Ex3.1 */;
			productType = "com.apple.product-type.tool";
		};
/* End PBXNativeTarget section */

/* Begin PBXProject section */
		898375DF19940F0700BDF67B /* Project object */ = {
			isa = PBXProject;
			attributes = {
				LastUpgradeCheck = 0510;
				ORGANIZATIONNAME = "Andrew Sheppard";
			};
			buildConfigurationList = 898375E219940F0700BDF67B /* Build configuration list for PBXProject "Ex3.1" */;
			compatibilityVersion = "Xcode 3.2";
			developmentRegion = English;
			hasScannedForEncodings = 0;
			knownRegions = (
				en,
			);
			mainGroup = 898375DE19940F0700BDF67B;
			productRefGroup = 898375E819940F0700BDF67B /* Products */;
			projectDirPath = "";
			projectRoot = "";
			targets = (
				898375E619940F0700BDF67B /* Ex3.1 */,
			);
		};
/* End PBXProject section */

/* Begin PBXSourcesBuildPhase section */
		898375E319940F0700BDF67B /* Sources */ = {
			isa = PBXSourcesBuildPhase;
			buildActionMask = 2147483647;
			files = (
				898375EB19940F0700BDF67B /* main.c in Sources */,
			);
			runOnlyForDeploymentPostprocessing = 0;
		};
/* End PBXSourcesBuildPhase section */

/* Begin XCBuildConfiguration section */
		898375EE19940F0700BDF67B /* Debug */ = {
			isa = XCBuildConfiguration;
			buildSettings = {
				ALWAYS_SEARCH_USER_PATHS = NO;
				CLANG_CXX_LANGUAGE_STANDARD = "gnu++0x";
				CLANG_CXX_LIBRARY = "libc++";
				CLANG_ENABLE_MODULES = YES;
				CLANG_ENABLE_OBJC_ARC = YES;
				CLANG_WARN_BOOL_CONVERSION = YES;
				CLANG_WARN_CONSTANT_CONVERSION = YES;
				CLANG_WARN_DIRECT_OBJC_ISA_USAGE = YES_ERROR;
				CLANG_WARN_EMPTY_BODY = YES;
				CLANG_WARN_ENUM_CONVERSION = YES;
				CLANG_WARN_INT_CONVERSION = YES;
				CLANG_WARN_OBJC_ROOT_CLASS = YES_ERROR;
				CLANG_WARN__DUPLICATE_METHOD_MATCH = YES;
				COPY_PHASE_STRIP = NO;
				GCC_C_LANGUAGE_STANDARD = gnu99;
				GCC_DYNAMIC_NO_PIC = NO;
				GCC_ENABLE_OBJC_EXCEPTIONS = YES;
				GCC_OPTIMIZATION_LEVEL = 0;
				GCC_PREPROCESSOR_DEFINITIONS = (
					"DEBUG=1",
					"$(inherited)",
				);
				GCC_SYMBOLS_PRIVATE_EXTERN = NO;
				GCC_WARN_64_TO_32_BIT_CONVERSION = YES;
				GCC_WARN_ABOUT_RETURN_TYPE = YES_ERROR;
				GCC_WARN_UNDECLARED_SELECTOR = YES;
				GCC_WARN_UNINITIALIZED_AUTOS = YES_AGGRESSIVE;
				GCC_WARN_UNUSED_FUNCTION = YES;
				GCC_WARN_UNUSED_VARIABLE = YES;
				MACOSX_DEPLOYMENT_TARGET = 10.9;
				ONLY_ACTIVE_ARCH = YES;
				SDKROOT = macosx;
			};
			name = Debug;
		};
		898375EF19940F0700BDF67B /* Release */ = {
			isa = XCBuildConfiguration;
			buildSettings = {
				ALWAYS_SEARCH_USER_PATHS = NO;
				CLANG_CXX_LANGUAGE_STANDARD = "gnu++0x";
				CLANG_CXX_LIBRARY = "libc++";
				CLANG_ENABLE_MODULES = YES;
				CLANG_ENABLE_OBJC_ARC = YES;
				CLANG_WARN_BOOL_CONVERSION = YES;
				CLANG_WARN_CONSTANT_CONVERSION = YES;
				CLANG_WARN_DIRECT_OBJC_ISA_USAGE = YES_ERROR;
				CLANG_WARN_EMPTY_BODY = YES;
				CLANG_WARN_ENUM_CONVERSION = YES;
				CLANG_WARN_INT_CONVERSION = YES;
				CLANG_WARN_OBJC_ROOT_CLASS = YES_ERROR;
				CLANG_WARN__DUPLICATE_METHOD_MATCH = YES;
				COPY_PHASE_STRIP = YES;
				DEBUG_INFORMATION_FORMAT = "dwarf-with-dsym";
				ENABLE_NS_ASSERTIONS = NO;
				GCC_C_LANGUAGE_STANDARD = gnu99;
				GCC_ENABLE_OBJC_EXCEPTIONS = YES;
				GCC_WARN_64_TO_32_BIT_CONVERSION = YES;
				GCC_WARN_ABOUT_RETURN_TYPE = YES_ERROR;
				GCC_WARN_UNDECLARED_SELECTOR = YES;
				GCC_WARN_UNINITIALIZED_AUTOS = YES_AGGRESSIVE;
				GCC_WARN_UNUSED_FUNCTION = YES;
				GCC_WARN_UNUSED_VARIABLE = YES;
				MACOSX_DEPLOYMENT_TARGET = 10.9;
				SDKROOT = macosx;
			};
			name = Release;
		};
		898375F119940F0700BDF67B /* Debug */ = {
			isa = XCBuildConfiguration;
			buildSettings = {
				PRODUCT_NAME = "$(TARGET_NAME)";
			};
			name = Debug;
		};
		898375F219940F0700BDF67B /* Release */ = {
			isa = XCBuildConfiguration;
			buildSettings = {
				PRODUCT_NAME = "$(TARGET_NAME)";
			};
			name = Release;
		};
/* End XCBuildConfiguration section */

/* Begin XCConfigurationList section */
		898375E219940F0700BDF67B /* Build configuration list for PBXProject "Ex3.1" */ = {
			isa = XCConfigurationList;
			buildConfigurations = (
				898375EE19940F0700BDF67B /* Debug */,
				898375EF19940F0700BDF67B /* Release */,
			);
			defaultConfigurationIsVisible = 0;
			defaultConfigurationName = Release;
		};
		898375F019940F0700BDF67B /* Build configuration list for PBXNativeTarget "Ex3.1" */ = {
			isa = XCConfigurationList;
			buildConfigurations = (
				898375F119940F0700BDF67B /* Debug */,
				898375F219940F0700BDF67B /* Release */,
			);
			defaultConfigurationIsVisible = 0;
		};
/* End XCConfigurationList section */
	};
	rootObject = 898375DF19940F0700BDF67B /* Project object */;
}
